id: express_beans_people_list_block
label: Express Beans People List Block Migration
migration_tags:
  - express

source:
  plugin: url
  data_fetcher_plugin: file
  data_parser_plugin: simple_xml
  urls:
    - data.xml
  item_selector: /root/beans/people_list_block/item
  fields:


    - name: bid
      label: 'bid'
      selector: 'bid'

    - name: title
      label: title
      selector: 'title'

    - name: label
      label: label
      selector: 'label'

    - name: field_people_block_thumbnail
      label: field_people_block_thumbnail
      selector: 'fields/field_people_block_thumbnail/data/item/field_people_block_thumbnail_value'

    - name: field_people_filter_1
      label: field_people_filter_1
      selector: 'fields/field_people_filter_1/data/item/field_people_filter_1_tid'

    - name: field_people_filter_2
      label: field_people_filter_2
      selector: 'fields/field_people_filter_2/data/item/field_people_filter_2_tid'

    - name: field_people_filter_3
      label: field_people_filter_3
      selector: 'fields/field_people_filter_3/data/item/field_people_filter_3_tid'

    - name: field_people_list_department
      label: field_people_list_department
      selector: 'fields/field_people_list_department/data/item/field_people_list_department_tid'

    - name: field_people_list_person_type
      label: field_people_list_person_type
      selector: 'fields/field_people_list_person_type/data/item/field_people_list_person_type_tid'


    - name: bs_icon
      label: 'bs_icon'
      selector: 'style/icon'

    - name: bs_background_style
      label: 'bs_background_style'
      selector: 'style/background_style'

    - name: bs_content_font_scale
      label: 'bs_content_font_scale'
      selector: 'style/content_font_scale'

    - name: bs_heading
      label: 'bs_heading'
      selector: 'style/heading'

    - name: bs_heading_alignment
      label: 'bs_heading_alignment'
      selector: 'style/heading_alignment'

    - name: bs_heading_style
      label: 'bs_heading_style'
      selector: 'style/heading_style'

    - name: bs_icon_color
      label: 'bs_icon_color'
      selector: 'style/icon_color'

    - name: bs_icon_position
      label: 'bs_icon_position'
      selector: 'style/icon_position'

    - name: bs_icon_size
      label: 'bs_icon_size'
      selector: 'style/icon_size'

    - name: bs_title_font_scale
      label: 'bs_title_font_scale'
      selector: 'style/title_font_scale'


  ids:
    bid:
      type: integer
process:

  id: bid

  info: label


  field_people_block_display:
    plugin: static_map
    source: field_people_block_thumbnail
    map:
      'teaser': 'teaser'
      'grid': 'grid'
      'sidebar': 'name-thumbnail'
      'title': 'name-only'
    default_value: 'grid'




  field_people_block_filter_1:
    - plugin: migration_lookup
      migration: express_taxonomy_terms_people_filter_1
      source: field_people_filter_1

  field_people_block_filter_2:
    - plugin: migration_lookup
      migration: express_taxonomy_terms_people_filter_2
      source: field_people_filter_2

  field_people_block_filter_3:
    - plugin: migration_lookup
      migration: express_taxonomy_terms_people_filter_3
      source: field_people_filter_3





  field_people_block_department:
    - plugin: migration_lookup
      migration: express_taxonomy_terms_department
      source: field_people_list_department

  field_people_block_job_type:
    - plugin: migration_lookup
      migration: express_taxonomy_terms_person_type
      source: field_people_list_person_type

  'field_bs_background_style/value': bs_background_style
  'field_bs_content_font_scale/value': bs_content_font_scale
  'field_bs_heading/value': bs_heading
  'field_bs_heading_alignment/value': bs_heading_alignment
  'field_bs_heading_style/value': bs_heading_style
  'field_bs_icon_color/value': bs_icon_color
  'field_bs_icon_position/value': bs_icon_position
  'field_bs_icon_size/value': bs_icon_size
  'field_bs_title_font_scale/value': bs_title_font_scale






destination:
  plugin: 'entity:block_content'
  default_bundle: 'ucb_people_list_block'


migration_dependencies:
  required:
    - express_nodes_person
    - express_taxonomy_terms_department
    - express_taxonomy_terms_person_type
    - express_taxonomy_terms_people_filter_1
    - express_taxonomy_terms_people_filter_2
    - express_taxonomy_terms_people_filter_3



dependencies:
  enforced:
    module:
      - migrate_express
