id: express_beans_people_list_block
label: Express Beans People List Block Migration
migration_tags:
  - express

source:
  plugin: url
  data_fetcher_plugin: file
  data_parser_plugin: simple_xml
  urls:
    - data.xml
  item_selector: /root/beans/people_list_block/item
  fields:


    - name: bid
      label: 'bid'
      selector: 'bid'

    - name: title
      label: title
      selector: 'title'

    - name: label
      label: label
      selector: 'label'

    - name: field_people_block_thumbnail
      label: field_people_block_thumbnail
      selector: 'fields/field_people_block_thumbnail/data/item/field_people_block_thumbnail_value'

    - name: field_people_filter_1
      label: field_people_filter_1
      selector: 'fields/field_people_filter_1/data/item/field_people_filter_1_tid'

    - name: field_people_filter_2
      label: field_people_filter_2
      selector: 'fields/field_people_filter_2/data/item/field_people_filter_2_tid'

    - name: field_people_filter_3
      label: field_people_filter_3
      selector: 'fields/field_people_filter_3/data/item/field_people_filter_3_tid'

    - name: field_people_list_department
      label: field_people_list_department
      selector: 'fields/field_people_list_department/data/item/field_people_list_department_tid'

    - name: field_people_list_person_type
      label: field_people_list_person_type
      selector: 'fields/field_people_list_person_type/data/item/field_people_list_person_type_tid'



  ids:
    bid:
      type: integer
process:

  id: bid

  info: label


  field_people_block_display:
    plugin: static_map
    source: field_people_block_thumbnail
    map:
      'teaser': 'teaser'
      'grid': 'grid'
      'sidebar': 'name-thumbnail'
      'title': 'name-only'
    default_value: 'grid'




  field_people_block_filter_1:
    - plugin: migration_lookup
      migration: express_taxonomy_terms_people_filter_1
      source: field_people_filter_1

  field_people_block_filter_2:
    - plugin: migration_lookup
      migration: express_taxonomy_terms_people_filter_2
      source: field_people_filter_2

  field_people_block_filter_3:
    - plugin: migration_lookup
      migration: express_taxonomy_terms_people_filter_3
      source: field_people_filter_3





  field_people_block_department:
    - plugin: migration_lookup
      migration: express_taxonomy_terms_department
      source: field_people_list_department

  field_people_block_job_type:
    - plugin: migration_lookup
      migration: express_taxonomy_terms_person_type
      source: field_people_list_person_type






destination:
  plugin: 'entity:block_content'
  default_bundle: 'ucb_people_list_block'


migration_dependencies:
  required:
    - express_nodes_person
    - express_taxonomy_terms_department
    - express_taxonomy_terms_person_type
    - express_taxonomy_terms_people_filter_1
    - express_taxonomy_terms_people_filter_2
    - express_taxonomy_terms_people_filter_3



dependencies:
  enforced:
    module:
      - migrate_express
